
Microsoft Visual Studio Solution File, Format Version 12.00
# Visual Studio Version 17
VisualStudioVersion = 17.11.35312.102
MinimumVisualStudioVersion = 10.0.40219.1
Project("{FAE04EC0-301F-11D3-BF4B-00C04F79EFBC}") = "Property", "Property\Property.csproj", "{F52C1653-B9BC-45AF-8D5B-88666CCC61E5}"
EndProject
Project("{FAE04EC0-301F-11D3-BF4B-00C04F79EFBC}") = "PersonProp", "PersonProp\PersonProp.csproj", "{B69D517C-7249-4374-A453-E3637C28F686}"
EndProject
Project("{FAE04EC0-301F-11D3-BF4B-00C04F79EFBC}") = "Inheritance", "..\Inheritance\Inheritance.csproj", "{EBBEDE65-14A4-49B3-9427-CBFE5089462D}"
EndProject
Global
	GlobalSection(SolutionConfigurationPlatforms) = preSolution
		Debug|Any CPU = Debug|Any CPU
		Release|Any CPU = Release|Any CPU
	EndGlobalSection
	GlobalSection(ProjectConfigurationPlatforms) = postSolution
		{F52C1653-B9BC-45AF-8D5B-88666CCC61E5}.Debug|Any CPU.ActiveCfg = Debug|Any CPU
		{F52C1653-B9BC-45AF-8D5B-88666CCC61E5}.Debug|Any CPU.Build.0 = Debug|Any CPU
		{F52C1653-B9BC-45AF-8D5B-88666CCC61E5}.Release|Any CPU.ActiveCfg = Release|Any CPU
		{F52C1653-B9BC-45AF-8D5B-88666CCC61E5}.Release|Any CPU.Build.0 = Release|Any CPU
		{B69D517C-7249-4374-A453-E3637C28F686}.Debug|Any CPU.ActiveCfg = Debug|Any CPU
		{B69D517C-7249-4374-A453-E3637C28F686}.Debug|Any CPU.Build.0 = Debug|Any CPU
		{B69D517C-7249-4374-A453-E3637C28F686}.Release|Any CPU.ActiveCfg = Release|Any CPU
		{B69D517C-7249-4374-A453-E3637C28F686}.Release|Any CPU.Build.0 = Release|Any CPU
		{EBBEDE65-14A4-49B3-9427-CBFE5089462D}.Debug|Any CPU.ActiveCfg = Debug|Any CPU
		{EBBEDE65-14A4-49B3-9427-CBFE5089462D}.Debug|Any CPU.Build.0 = Debug|Any CPU
		{EBBEDE65-14A4-49B3-9427-CBFE5089462D}.Release|Any CPU.ActiveCfg = Release|Any CPU
		{EBBEDE65-14A4-49B3-9427-CBFE5089462D}.Release|Any CPU.Build.0 = Release|Any CPU
	EndGlobalSection
	GlobalSection(SolutionProperties) = preSolution
		HideSolutionNode = FALSE
	EndGlobalSection
	GlobalSection(ExtensibilityGlobals) = postSolution
		SolutionGuid = {759A537A-B075-410D-82B4-EB647C83D0B7}
	EndGlobalSection
EndGlobal
