
Microsoft Visual Studio Solution File, Format Version 12.00
# Visual Studio Version 17
VisualStudioVersion = 17.11.35312.102
MinimumVisualStudioVersion = 10.0.40219.1
Project("{FAE04EC0-301F-11D3-BF4B-00C04F79EFBC}") = "ChangeSignature", "ChangeSignature\ChangeSignature.csproj", "{B090A391-B46B-4A56-8B9F-8536F7C88D70}"
EndProject
Project("{FAE04EC0-301F-11D3-BF4B-00C04F79EFBC}") = "Template", "..\Template\Template.csproj", "{8A12E533-C9CA-4DF4-BA21-026FD4EAEB05}"
EndProject
Project("{FAE04EC0-301F-11D3-BF4B-00C04F79EFBC}") = "Books", "..\Books\Books.csproj", "{17AA61BF-025C-47C1-A7A8-E9052820282A}"
EndProject
Project("{FAE04EC0-301F-11D3-BF4B-00C04F79EFBC}") = "GenericClass", "..\GenericClass\GenericClass.csproj", "{9B189438-D263-4736-9C9A-97B9B22EC6BC}"
EndProject
Project("{FAE04EC0-301F-11D3-BF4B-00C04F79EFBC}") = "Shapes", "..\Shapes\Shapes.csproj", "{DC96C235-B337-4044-9484-677298C2190E}"
EndProject
Project("{FAE04EC0-301F-11D3-BF4B-00C04F79EFBC}") = "BooksDb", "..\DbConnect\BooksDb.csproj", "{D036C732-833C-41AE-8EE1-0037FEA3C4C0}"
EndProject
Project("{FAE04EC0-301F-11D3-BF4B-00C04F79EFBC}") = "ContactManagement", "..\PersonDetails\ContactManagement.csproj", "{00F3D8CF-153D-47ED-B5C0-55469FADF88B}"
EndProject
Global
	GlobalSection(SolutionConfigurationPlatforms) = preSolution
		Debug|Any CPU = Debug|Any CPU
		Release|Any CPU = Release|Any CPU
	EndGlobalSection
	GlobalSection(ProjectConfigurationPlatforms) = postSolution
		{B090A391-B46B-4A56-8B9F-8536F7C88D70}.Debug|Any CPU.ActiveCfg = Debug|Any CPU
		{B090A391-B46B-4A56-8B9F-8536F7C88D70}.Debug|Any CPU.Build.0 = Debug|Any CPU
		{B090A391-B46B-4A56-8B9F-8536F7C88D70}.Release|Any CPU.ActiveCfg = Release|Any CPU
		{B090A391-B46B-4A56-8B9F-8536F7C88D70}.Release|Any CPU.Build.0 = Release|Any CPU
		{8A12E533-C9CA-4DF4-BA21-026FD4EAEB05}.Debug|Any CPU.ActiveCfg = Debug|Any CPU
		{8A12E533-C9CA-4DF4-BA21-026FD4EAEB05}.Debug|Any CPU.Build.0 = Debug|Any CPU
		{8A12E533-C9CA-4DF4-BA21-026FD4EAEB05}.Release|Any CPU.ActiveCfg = Release|Any CPU
		{8A12E533-C9CA-4DF4-BA21-026FD4EAEB05}.Release|Any CPU.Build.0 = Release|Any CPU
		{17AA61BF-025C-47C1-A7A8-E9052820282A}.Debug|Any CPU.ActiveCfg = Debug|Any CPU
		{17AA61BF-025C-47C1-A7A8-E9052820282A}.Debug|Any CPU.Build.0 = Debug|Any CPU
		{17AA61BF-025C-47C1-A7A8-E9052820282A}.Release|Any CPU.ActiveCfg = Release|Any CPU
		{17AA61BF-025C-47C1-A7A8-E9052820282A}.Release|Any CPU.Build.0 = Release|Any CPU
		{9B189438-D263-4736-9C9A-97B9B22EC6BC}.Debug|Any CPU.ActiveCfg = Debug|Any CPU
		{9B189438-D263-4736-9C9A-97B9B22EC6BC}.Debug|Any CPU.Build.0 = Debug|Any CPU
		{9B189438-D263-4736-9C9A-97B9B22EC6BC}.Release|Any CPU.ActiveCfg = Release|Any CPU
		{9B189438-D263-4736-9C9A-97B9B22EC6BC}.Release|Any CPU.Build.0 = Release|Any CPU
		{DC96C235-B337-4044-9484-677298C2190E}.Debug|Any CPU.ActiveCfg = Debug|Any CPU
		{DC96C235-B337-4044-9484-677298C2190E}.Debug|Any CPU.Build.0 = Debug|Any CPU
		{DC96C235-B337-4044-9484-677298C2190E}.Release|Any CPU.ActiveCfg = Release|Any CPU
		{DC96C235-B337-4044-9484-677298C2190E}.Release|Any CPU.Build.0 = Release|Any CPU
		{D036C732-833C-41AE-8EE1-0037FEA3C4C0}.Debug|Any CPU.ActiveCfg = Debug|Any CPU
		{D036C732-833C-41AE-8EE1-0037FEA3C4C0}.Debug|Any CPU.Build.0 = Debug|Any CPU
		{D036C732-833C-41AE-8EE1-0037FEA3C4C0}.Release|Any CPU.ActiveCfg = Release|Any CPU
		{D036C732-833C-41AE-8EE1-0037FEA3C4C0}.Release|Any CPU.Build.0 = Release|Any CPU
		{00F3D8CF-153D-47ED-B5C0-55469FADF88B}.Debug|Any CPU.ActiveCfg = Debug|Any CPU
		{00F3D8CF-153D-47ED-B5C0-55469FADF88B}.Debug|Any CPU.Build.0 = Debug|Any CPU
		{00F3D8CF-153D-47ED-B5C0-55469FADF88B}.Release|Any CPU.ActiveCfg = Release|Any CPU
		{00F3D8CF-153D-47ED-B5C0-55469FADF88B}.Release|Any CPU.Build.0 = Release|Any CPU
	EndGlobalSection
	GlobalSection(SolutionProperties) = preSolution
		HideSolutionNode = FALSE
	EndGlobalSection
	GlobalSection(ExtensibilityGlobals) = postSolution
		SolutionGuid = {B18BE7CE-B7E2-4D97-8B68-4A6A3A3F206B}
	EndGlobalSection
EndGlobal
