
Microsoft Visual Studio Solution File, Format Version 12.00
# Visual Studio Version 17
VisualStudioVersion = 17.11.35312.102
MinimumVisualStudioVersion = 10.0.40219.1
Project("{FAE04EC0-301F-11D3-BF4B-00C04F79EFBC}") = "StudentInheritance", "StudentInheritance\StudentInheritance.csproj", "{0C63603C-B071-4C11-9669-B6113FF23547}"
EndProject
Global
	GlobalSection(SolutionConfigurationPlatforms) = preSolution
		Debug|Any CPU = Debug|Any CPU
		Release|Any CPU = Release|Any CPU
	EndGlobalSection
	GlobalSection(ProjectConfigurationPlatforms) = postSolution
		{0C63603C-B071-4C11-9669-B6113FF23547}.Debug|Any CPU.ActiveCfg = Debug|Any CPU
		{0C63603C-B071-4C11-9669-B6113FF23547}.Debug|Any CPU.Build.0 = Debug|Any CPU
		{0C63603C-B071-4C11-9669-B6113FF23547}.Release|Any CPU.ActiveCfg = Release|Any CPU
		{0C63603C-B071-4C11-9669-B6113FF23547}.Release|Any CPU.Build.0 = Release|Any CPU
	EndGlobalSection
	GlobalSection(SolutionProperties) = preSolution
		HideSolutionNode = FALSE
	EndGlobalSection
	GlobalSection(ExtensibilityGlobals) = postSolution
		SolutionGuid = {8A9F2853-7D1E-47FD-BD00-D6E24FE75C79}
	EndGlobalSection
EndGlobal
